Microsoft Visual Studio Solution File, Format Version 12.00
# Visual Studio 15
VisualStudioVersion = 15.0.28307.136
MinimumVisualStudioVersion = 10.0.40219.1
Project("{FAE04EC0-301F-11D3-BF4B-00C04F79EFBC}") = "HospitalManagement.Android", "HospitalManagement.Android\HospitalManagement.Android.csproj", "{56847F11-2683-47E1-BED5-10C240906660}"
EndProject
Project("{FAE04EC0-301F-11D3-BF4B-00C04F79EFBC}") = "HospitalManagement.iOS", "HospitalManagement.iOS\HospitalManagement.iOS.csproj", "{2D0A66C9-B4B3-44B8-957F-5E676CEA3CEB}"
EndProject
Project("{9A19103F-16F7-4668-BE54-9A1E7A4F7556}") = "HospitalManagement", "HospitalManagement\HospitalManagement.csproj", "{A041F6F4-F8F0-4547-99E3-A2DE1A22001F}"
EndProject
Global
	GlobalSection(SolutionConfigurationPlatforms) = preSolution
		Debug|Any CPU = Debug|Any CPU
		Debug|iPhone = Debug|iPhone
		Debug|iPhoneSimulator = Debug|iPhoneSimulator
		Release|Any CPU = Release|Any CPU
		Release|iPhone = Release|iPhone
		Release|iPhoneSimulator = Release|iPhoneSimulator
	EndGlobalSection
	GlobalSection(ProjectConfigurationPlatforms) = postSolution
		{56847F11-2683-47E1-BED5-10C240906660}.Debug|Any CPU.ActiveCfg = Debug|Any CPU
		{56847F11-2683-47E1-BED5-10C240906660}.Debug|Any CPU.Build.0 = Debug|Any CPU
		{56847F11-2683-47E1-BED5-10C240906660}.Debug|Any CPU.Deploy.0 = Debug|Any CPU
		{56847F11-2683-47E1-BED5-10C240906660}.Debug|iPhone.ActiveCfg = Debug|Any CPU
		{56847F11-2683-47E1-BED5-10C240906660}.Debug|iPhone.Build.0 = Debug|Any CPU
		{56847F11-2683-47E1-BED5-10C240906660}.Debug|iPhoneSimulator.ActiveCfg = Debug|Any CPU
		{56847F11-2683-47E1-BED5-10C240906660}.Debug|iPhoneSimulator.Build.0 = Debug|Any CPU
		{56847F11-2683-47E1-BED5-10C240906660}.Debug|iPhoneSimulator.Deploy.0 = Debug|Any CPU
		{56847F11-2683-47E1-BED5-10C240906660}.Release|Any CPU.ActiveCfg = Release|Any CPU
		{56847F11-2683-47E1-BED5-10C240906660}.Release|Any CPU.Build.0 = Release|Any CPU
		{56847F11-2683-47E1-BED5-10C240906660}.Release|iPhone.ActiveCfg = Release|Any CPU
		{56847F11-2683-47E1-BED5-10C240906660}.Release|iPhone.Build.0 = Release|Any CPU
		{56847F11-2683-47E1-BED5-10C240906660}.Release|iPhoneSimulator.ActiveCfg = Release|Any CPU
		{56847F11-2683-47E1-BED5-10C240906660}.Release|iPhoneSimulator.Build.0 = Release|Any CPU
		{2D0A66C9-B4B3-44B8-957F-5E676CEA3CEB}.Debug|Any CPU.ActiveCfg = Debug|iPhoneSimulator
		{2D0A66C9-B4B3-44B8-957F-5E676CEA3CEB}.Debug|Any CPU.Build.0 = Debug|iPhoneSimulator
		{2D0A66C9-B4B3-44B8-957F-5E676CEA3CEB}.Debug|iPhone.ActiveCfg = Debug|iPhone
		{2D0A66C9-B4B3-44B8-957F-5E676CEA3CEB}.Debug|iPhone.Build.0 = Debug|iPhone
		{2D0A66C9-B4B3-44B8-957F-5E676CEA3CEB}.Debug|iPhoneSimulator.ActiveCfg = Debug|iPhoneSimulator
		{2D0A66C9-B4B3-44B8-957F-5E676CEA3CEB}.Debug|iPhoneSimulator.Build.0 = Debug|iPhoneSimulator
		{2D0A66C9-B4B3-44B8-957F-5E676CEA3CEB}.Release|Any CPU.ActiveCfg = Release|iPhoneSimulator
		{2D0A66C9-B4B3-44B8-957F-5E676CEA3CEB}.Release|Any CPU.Build.0 = Release|iPhoneSimulator
		{2D0A66C9-B4B3-44B8-957F-5E676CEA3CEB}.Release|iPhone.ActiveCfg = Release|iPhone
		{2D0A66C9-B4B3-44B8-957F-5E676CEA3CEB}.Release|iPhone.Build.0 = Release|iPhone
		{2D0A66C9-B4B3-44B8-957F-5E676CEA3CEB}.Release|iPhoneSimulator.ActiveCfg = Release|iPhoneSimulator
		{2D0A66C9-B4B3-44B8-957F-5E676CEA3CEB}.Release|iPhoneSimulator.Build.0 = Release|iPhoneSimulator
		{A041F6F4-F8F0-4547-99E3-A2DE1A22001F}.Debug|Any CPU.ActiveCfg = Debug|Any CPU
		{A041F6F4-F8F0-4547-99E3-A2DE1A22001F}.Debug|Any CPU.Build.0 = Debug|Any CPU
		{A041F6F4-F8F0-4547-99E3-A2DE1A22001F}.Debug|iPhone.ActiveCfg = Debug|Any CPU
		{A041F6F4-F8F0-4547-99E3-A2DE1A22001F}.Debug|iPhone.Build.0 = Debug|Any CPU
		{A041F6F4-F8F0-4547-99E3-A2DE1A22001F}.Debug|iPhoneSimulator.ActiveCfg = Debug|Any CPU
		{A041F6F4-F8F0-4547-99E3-A2DE1A22001F}.Debug|iPhoneSimulator.Build.0 = Debug|Any CPU
		{A041F6F4-F8F0-4547-99E3-A2DE1A22001F}.Release|Any CPU.ActiveCfg = Release|Any CPU
		{A041F6F4-F8F0-4547-99E3-A2DE1A22001F}.Release|Any CPU.Build.0 = Release|Any CPU
		{A041F6F4-F8F0-4547-99E3-A2DE1A22001F}.Release|iPhone.ActiveCfg = Release|Any CPU
		{A041F6F4-F8F0-4547-99E3-A2DE1A22001F}.Release|iPhone.Build.0 = Release|Any CPU
		{A041F6F4-F8F0-4547-99E3-A2DE1A22001F}.Release|iPhoneSimulator.ActiveCfg = Release|Any CPU
		{A041F6F4-F8F0-4547-99E3-A2DE1A22001F}.Release|iPhoneSimulator.Build.0 = Release|Any CPU
	EndGlobalSection
	GlobalSection(SolutionProperties) = preSolution
		HideSolutionNode = FALSE
	EndGlobalSection
	GlobalSection(ExtensibilityGlobals) = postSolution
		SolutionGuid = {398AB4FC-5FFC-4DAF-A242-3F5D68938132}
	EndGlobalSection
EndGlobal
